
Microsoft Visual Studio Solution File, Format Version 12.00
# Visual Studio Version 16
VisualStudioVersion = 16.0.31729.503
MinimumVisualStudioVersion = 10.0.40219.1
Project("{9A19103F-16F7-4668-BE54-9A1E7A4F7556}") = "WebCreatorSquad", "WebCreatorSquad.csproj", "{BF7D96A1-57DC-4EF4-867F-1555AEBE123C}"
EndProject
Project("{E53339B2-1760-4266-BCC7-CA923CBCF16C}") = "docker-compose", "docker-compose.dcproj", "{7B3722BB-5C29-4ED0-A192-0FE4AF31386B}"
EndProject
Global
	GlobalSection(SolutionConfigurationPlatforms) = preSolution
		Debug|Any CPU = Debug|Any CPU
		Release|Any CPU = Release|Any CPU
	EndGlobalSection
	GlobalSection(ProjectConfigurationPlatforms) = postSolution
		{BF7D96A1-57DC-4EF4-867F-1555AEBE123C}.Debug|Any CPU.ActiveCfg = Debug|Any CPU
		{BF7D96A1-57DC-4EF4-867F-1555AEBE123C}.Debug|Any CPU.Build.0 = Debug|Any CPU
		{BF7D96A1-57DC-4EF4-867F-1555AEBE123C}.Release|Any CPU.ActiveCfg = Release|Any CPU
		{BF7D96A1-57DC-4EF4-867F-1555AEBE123C}.Release|Any CPU.Build.0 = Release|Any CPU
		{7B3722BB-5C29-4ED0-A192-0FE4AF31386B}.Debug|Any CPU.ActiveCfg = Debug|Any CPU
		{7B3722BB-5C29-4ED0-A192-0FE4AF31386B}.Debug|Any CPU.Build.0 = Debug|Any CPU
		{7B3722BB-5C29-4ED0-A192-0FE4AF31386B}.Release|Any CPU.ActiveCfg = Release|Any CPU
		{7B3722BB-5C29-4ED0-A192-0FE4AF31386B}.Release|Any CPU.Build.0 = Release|Any CPU
	EndGlobalSection
	GlobalSection(SolutionProperties) = preSolution
		HideSolutionNode = FALSE
	EndGlobalSection
	GlobalSection(ExtensibilityGlobals) = postSolution
		SolutionGuid = {C9A41715-CAE5-4B40-941C-680CBD655AB6}
	EndGlobalSection
EndGlobal
